
Microsoft Visual Studio Solution File, Format Version 12.00
# Visual Studio 2012
Project("{FAE04EC0-301F-11D3-BF4B-00C04F79EFBC}") = "CurrencyConverter", "CurrencyConverter\CurrencyConverter.csproj", "{56F2239E-A4CC-440B-8709-9A540C1B53F7}"
EndProject
Project("{FAE04EC0-301F-11D3-BF4B-00C04F79EFBC}") = "CurrencyConverter.UnitTesting", "CurrencyConverter.UnitTesting\CurrencyConverter.UnitTesting.csproj", "{7962C2EE-B3B5-4897-9632-10ABD0DC7A2C}"
EndProject
Project("{FAE04EC0-301F-11D3-BF4B-00C04F79EFBC}") = "CurrencyConverter.Library", "LibraryNET\CurrencyConverter.Library.csproj", "{927BC5BC-586C-4C66-A7AA-6CA1AD5AEA45}"
EndProject
Global
	GlobalSection(SolutionConfigurationPlatforms) = preSolution
		Debug|Any CPU = Debug|Any CPU
		Release|Any CPU = Release|Any CPU
	EndGlobalSection
	GlobalSection(ProjectConfigurationPlatforms) = postSolution
		{56F2239E-A4CC-440B-8709-9A540C1B53F7}.Debug|Any CPU.ActiveCfg = Debug|Any CPU
		{56F2239E-A4CC-440B-8709-9A540C1B53F7}.Debug|Any CPU.Build.0 = Debug|Any CPU
		{56F2239E-A4CC-440B-8709-9A540C1B53F7}.Release|Any CPU.ActiveCfg = Release|Any CPU
		{56F2239E-A4CC-440B-8709-9A540C1B53F7}.Release|Any CPU.Build.0 = Release|Any CPU
		{7962C2EE-B3B5-4897-9632-10ABD0DC7A2C}.Debug|Any CPU.ActiveCfg = Debug|Any CPU
		{7962C2EE-B3B5-4897-9632-10ABD0DC7A2C}.Debug|Any CPU.Build.0 = Debug|Any CPU
		{7962C2EE-B3B5-4897-9632-10ABD0DC7A2C}.Release|Any CPU.ActiveCfg = Release|Any CPU
		{7962C2EE-B3B5-4897-9632-10ABD0DC7A2C}.Release|Any CPU.Build.0 = Release|Any CPU
		{927BC5BC-586C-4C66-A7AA-6CA1AD5AEA45}.Debug|Any CPU.ActiveCfg = Debug|Any CPU
		{927BC5BC-586C-4C66-A7AA-6CA1AD5AEA45}.Debug|Any CPU.Build.0 = Debug|Any CPU
		{927BC5BC-586C-4C66-A7AA-6CA1AD5AEA45}.Release|Any CPU.ActiveCfg = Release|Any CPU
		{927BC5BC-586C-4C66-A7AA-6CA1AD5AEA45}.Release|Any CPU.Build.0 = Release|Any CPU
	EndGlobalSection
EndGlobal
